
Microsoft Visual Studio Solution File, Format Version 12.00
# Visual Studio Version 17
VisualStudioVersion = 17.8.34525.116
MinimumVisualStudioVersion = 10.0.40219.1
Project("{FAE04EC0-301F-11D3-BF4B-00C04F79EFBC}") = "SchoolManagment", "SchoolManagment.csproj", "{F01D227C-6BEC-49A3-BE90-3DA8DF71C699}"
EndProject
Global
	GlobalSection(SolutionConfigurationPlatforms) = preSolution
		Debug|Any CPU = Debug|Any CPU
		Release|Any CPU = Release|Any CPU
	EndGlobalSection
	GlobalSection(ProjectConfigurationPlatforms) = postSolution
		{F01D227C-6BEC-49A3-BE90-3DA8DF71C699}.Debug|Any CPU.ActiveCfg = Debug|Any CPU
		{F01D227C-6BEC-49A3-BE90-3DA8DF71C699}.Debug|Any CPU.Build.0 = Debug|Any CPU
		{F01D227C-6BEC-49A3-BE90-3DA8DF71C699}.Release|Any CPU.ActiveCfg = Release|Any CPU
		{F01D227C-6BEC-49A3-BE90-3DA8DF71C699}.Release|Any CPU.Build.0 = Release|Any CPU
	EndGlobalSection
	GlobalSection(SolutionProperties) = preSolution
		HideSolutionNode = FALSE
	EndGlobalSection
	GlobalSection(ExtensibilityGlobals) = postSolution
		SolutionGuid = {A89C3166-A1C5-42DD-A4EA-E1D98923BF80}
	EndGlobalSection
EndGlobal
